<?xml version="1.0" encoding="utf-8"?>
<Project ToolsVersion="4.0" xmlns="http://schemas.microsoft.com/developer/msbuild/2003">
  <ItemGroup>
    <Filter Include="asm">
      <UniqueIdentifier>{93995380-89BD-4b04-88EB-625FBE52EBFB}</UniqueIdentifier>
      <Extensions>asm;asmx</Extensions>
    </Filter>
    <Filter Include="source">
      <UniqueIdentifier>{4FC737F1-C7A5-4376-A066-2A32D752A2FF}</UniqueIdentifier>
      <Extensions>cpp;c;cc;cxx;def;odl;idl;hpj;bat;asm;asmx</Extensions>
    </Filter>
    <Filter Include="resource">
      <UniqueIdentifier>{67DA6AB6-F800-4c08-8B7A-83BB121AAD01}</UniqueIdentifier>
      <Extensions>rc;ico;cur;bmp;dlg;rc2;rct;bin;rgs;gif;jpg;jpeg;jpe;resx;tiff;tif;png;wav;mfcribbon-ms</Extensions>
    </Filter>
  </ItemGroup>
  <ItemGroup>
    <MASM Include="contrib\masmx64\gvmat64.asm">
      <Filter>asm</Filter>
    </MASM>
    <MASM Include="contrib\masmx64\inffasx64.asm">
      <Filter>asm</Filter>
    </MASM>
    <MASM Include="contrib\masmx86\inffas32.asm">
      <Filter>asm</Filter>
    </MASM>
    <MASM Include="contrib\masmx86\match686.asm">
      <Filter>asm</Filter>
    </MASM>
  </ItemGroup>
  <ItemGroup>
    <ClCompile Include="$(SrcDir)adler32.c">
      <Filter>source</Filter>
    </ClCompile>
    <ClCompile Include="$(SrcDir)compress.c">
      <Filter>source</Filter>
    </ClCompile>
    <ClCompile Include="$(SrcDir)crc32.c">
      <Filter>source</Filter>
    </ClCompile>
    <ClCompile Include="$(SrcDir)deflate.c">
      <Filter>source</Filter>
    </ClCompile>
    <ClCompile Include="$(SrcDir)gzclose.c">
      <Filter>source</Filter>
    </ClCompile>
    <ClCompile Include="$(SrcDir)gzlib.c">
      <Filter>source</Filter>
    </ClCompile>
    <ClCompile Include="$(SrcDir)gzread.c">
      <Filter>source</Filter>
    </ClCompile>
    <ClCompile Include="$(SrcDir)gzwrite.c">
      <Filter>source</Filter>
    </ClCompile>
    <ClCompile Include="$(SrcDir)infback.c">
      <Filter>source</Filter>
    </ClCompile>
    <ClCompile Include="$(SrcDir)inffast.c">
      <Filter>source</Filter>
    </ClCompile>
    <ClCompile Include="$(SrcDir)inflate.c">
      <Filter>source</Filter>
    </ClCompile>
    <ClCompile Include="$(SrcDir)inftrees.c">
      <Filter>source</Filter>
    </ClCompile>
    <ClCompile Include="$(SrcDir)trees.c">
      <Filter>source</Filter>
    </ClCompile>
    <ClCompile Include="$(SrcDir)uncompr.c">
      <Filter>source</Filter>
    </ClCompile>
    <ClCompile Include="$(SrcDir)zutil.c">
      <Filter>source</Filter>
    </ClCompile>
    <ClCompile Include="$(SrcDir)contrib\masmx64\inffas8664.c">
      <Filter>source</Filter>
    </ClCompile>
    <ClCompile Include="$(SrcDir)contrib\minizip\ioapi.c">
      <Filter>source</Filter>
    </ClCompile>
    <ClCompile Include="$(SrcDir)contrib\minizip\iowin32.c">
      <Filter>source</Filter>
    </ClCompile>
    <ClCompile Include="contrib\minizip\unzip.c">
      <Filter>source</Filter>
    </ClCompile>
    <ClCompile Include="contrib\minizip\zip.c">
      <Filter>source</Filter>
    </ClCompile>
  </ItemGroup>
  <ItemGroup>
    <ResourceCompile Include="$(SrcDir)vstudio\zlib.rc">
      <Filter>resource</Filter>
    </ResourceCompile>
  </ItemGroup>
  <ItemGroup>
    <None Include="$(SrcDir)zlib.def">
      <Filter>source</Filter>
    </None>
  </ItemGroup>
</Project>